<Solution>
  <Project Path="MoviesApp.DataAccess/MoviesApp.DataAccess.csproj" />
  <Project Path="MoviesApp.Domain/MoviesApp.Domain.csproj" />
  <Project Path="MoviesApp.Dtos/MoviesApp.Dtos.csproj" />
  <Project Path="MoviesApp.Mapper/MoviesApp.Mapper.csproj" />
  <Project Path="MoviesApp.Services/MoviesApp.Services.csproj" />
  <Project Path="MoviesApp/MoviesApp.csproj" />
</Solution>
